
Microsoft Visual Studio Solution File, Format Version 12.00
# Visual Studio Version 17
VisualStudioVersion = 17.8.34330.188
MinimumVisualStudioVersion = 10.0.40219.1
Project("{9A19103F-16F7-4668-BE54-9A1E7A4F7556}") = "TaskManager", "TaskManager\TaskManager.csproj", "{29AD7232-AA80-494C-A577-655D291FA321}"
EndProject
Project("{FAE04EC0-301F-11D3-BF4B-00C04F79EFBC}") = "TestProject1", "TestProject1\TestProject1.csproj", "{5E4EF49E-A4BF-417C-BD82-6F34095BE480}"
EndProject
Global
	GlobalSection(SolutionConfigurationPlatforms) = preSolution
		Debug|Any CPU = Debug|Any CPU
		Release|Any CPU = Release|Any CPU
	EndGlobalSection
	GlobalSection(ProjectConfigurationPlatforms) = postSolution
		{29AD7232-AA80-494C-A577-655D291FA321}.Debug|Any CPU.ActiveCfg = Debug|Any CPU
		{29AD7232-AA80-494C-A577-655D291FA321}.Debug|Any CPU.Build.0 = Debug|Any CPU
		{29AD7232-AA80-494C-A577-655D291FA321}.Release|Any CPU.ActiveCfg = Release|Any CPU
		{29AD7232-AA80-494C-A577-655D291FA321}.Release|Any CPU.Build.0 = Release|Any CPU
		{5E4EF49E-A4BF-417C-BD82-6F34095BE480}.Debug|Any CPU.ActiveCfg = Debug|Any CPU
		{5E4EF49E-A4BF-417C-BD82-6F34095BE480}.Debug|Any CPU.Build.0 = Debug|Any CPU
		{5E4EF49E-A4BF-417C-BD82-6F34095BE480}.Release|Any CPU.ActiveCfg = Release|Any CPU
		{5E4EF49E-A4BF-417C-BD82-6F34095BE480}.Release|Any CPU.Build.0 = Release|Any CPU
	EndGlobalSection
	GlobalSection(SolutionProperties) = preSolution
		HideSolutionNode = FALSE
	EndGlobalSection
	GlobalSection(ExtensibilityGlobals) = postSolution
		SolutionGuid = {16CC130D-AED2-4B6A-8209-D92A62ACA3BD}
	EndGlobalSection
EndGlobal
